
Microsoft Visual Studio Solution File, Format Version 12.00
# Visual Studio Version 17
VisualStudioVersion = 17.0.31903.59
MinimumVisualStudioVersion = 10.0.40219.1
Project("{2150E333-8FDC-42A3-9474-1A3956D46DE8}") = "src", "src", "{827E0CD3-B72D-47B6-A68D-7590B98EB39B}"
EndProject
Project("{2150E333-8FDC-42A3-9474-1A3956D46DE8}") = "BuildingBlocks", "BuildingBlocks", "{90298CBA-BD6F-3A0A-69D5-97CAD7B05E7E}"
EndProject
Project("{FAE04EC0-301F-11D3-BF4B-00C04F79EFBC}") = "EventBus.Messeges", "src\BuildingBlocks\EventBus.Messeges\EventBus.Messeges.csproj", "{A1EBF1AC-37BF-4052-83EB-4155091BC275}"
EndProject
Project("{2150E333-8FDC-42A3-9474-1A3956D46DE8}") = "Services", "Services", "{984BB9B3-3FA3-BE33-9484-CAC21695A33C}"
EndProject
Project("{FAE04EC0-301F-11D3-BF4B-00C04F79EFBC}") = "Identity.API", "src\Services\Identity.API\Identity.API.csproj", "{689802F5-7A4D-4EBB-9EF5-DBBE6D38BEAA}"
EndProject
Project("{FAE04EC0-301F-11D3-BF4B-00C04F79EFBC}") = "FrontDesk.API", "src\Services\FrontDesk.API\FrontDesk.API.csproj", "{C23871C5-D5FE-420E-95C6-B4F060AF6908}"
EndProject
Project("{FAE04EC0-301F-11D3-BF4B-00C04F79EFBC}") = "Housekeeping.API", "src\Services\Housekeeping.API\Housekeeping.API.csproj", "{F545E7E9-1918-441E-B292-35DF04F7443B}"
EndProject
Project("{FAE04EC0-301F-11D3-BF4B-00C04F79EFBC}") = "Maintenance.API", "src\Services\Maintenance.API\Maintenance.API.csproj", "{C7AE49CB-4C7A-443B-8598-06B6E75A0B89}"
EndProject
Project("{2150E333-8FDC-42A3-9474-1A3956D46DE8}") = "Orchestrator", "Orchestrator", "{A1D69D03-291D-DB9F-E07E-060D002C8783}"
EndProject
Project("{FAE04EC0-301F-11D3-BF4B-00C04F79EFBC}") = "RoomLifecycle.Saga", "src\Orchestrator\RoomLifecycle.Saga\RoomLifecycle.Saga.csproj", "{BDB1BE97-D7E4-41EF-BBDF-25EB217CE852}"
EndProject
Project("{2150E333-8FDC-42A3-9474-1A3956D46DE8}") = "ApiGateways", "ApiGateways", "{ED3A6F05-8B42-2A19-DFFE-FDDDF787C538}"
EndProject
Project("{FAE04EC0-301F-11D3-BF4B-00C04F79EFBC}") = "Yarp.Gateway", "src\ApiGateways\Yarp.Gateway\Yarp.Gateway.csproj", "{EFAC76A6-2C41-41DB-A919-98FBFE1C20DE}"
EndProject
Global
	GlobalSection(SolutionConfigurationPlatforms) = preSolution
		Debug|Any CPU = Debug|Any CPU
		Debug|x64 = Debug|x64
		Debug|x86 = Debug|x86
		Release|Any CPU = Release|Any CPU
		Release|x64 = Release|x64
		Release|x86 = Release|x86
	EndGlobalSection
	GlobalSection(ProjectConfigurationPlatforms) = postSolution
		{A1EBF1AC-37BF-4052-83EB-4155091BC275}.Debug|Any CPU.ActiveCfg = Debug|Any CPU
		{A1EBF1AC-37BF-4052-83EB-4155091BC275}.Debug|Any CPU.Build.0 = Debug|Any CPU
		{A1EBF1AC-37BF-4052-83EB-4155091BC275}.Debug|x64.ActiveCfg = Debug|Any CPU
		{A1EBF1AC-37BF-4052-83EB-4155091BC275}.Debug|x64.Build.0 = Debug|Any CPU
		{A1EBF1AC-37BF-4052-83EB-4155091BC275}.Debug|x86.ActiveCfg = Debug|Any CPU
		{A1EBF1AC-37BF-4052-83EB-4155091BC275}.Debug|x86.Build.0 = Debug|Any CPU
		{A1EBF1AC-37BF-4052-83EB-4155091BC275}.Release|Any CPU.ActiveCfg = Release|Any CPU
		{A1EBF1AC-37BF-4052-83EB-4155091BC275}.Release|Any CPU.Build.0 = Release|Any CPU
		{A1EBF1AC-37BF-4052-83EB-4155091BC275}.Release|x64.ActiveCfg = Release|Any CPU
		{A1EBF1AC-37BF-4052-83EB-4155091BC275}.Release|x64.Build.0 = Release|Any CPU
		{A1EBF1AC-37BF-4052-83EB-4155091BC275}.Release|x86.ActiveCfg = Release|Any CPU
		{A1EBF1AC-37BF-4052-83EB-4155091BC275}.Release|x86.Build.0 = Release|Any CPU
		{689802F5-7A4D-4EBB-9EF5-DBBE6D38BEAA}.Debug|Any CPU.ActiveCfg = Debug|Any CPU
		{689802F5-7A4D-4EBB-9EF5-DBBE6D38BEAA}.Debug|Any CPU.Build.0 = Debug|Any CPU
		{689802F5-7A4D-4EBB-9EF5-DBBE6D38BEAA}.Debug|x64.ActiveCfg = Debug|Any CPU
		{689802F5-7A4D-4EBB-9EF5-DBBE6D38BEAA}.Debug|x64.Build.0 = Debug|Any CPU
		{689802F5-7A4D-4EBB-9EF5-DBBE6D38BEAA}.Debug|x86.ActiveCfg = Debug|Any CPU
		{689802F5-7A4D-4EBB-9EF5-DBBE6D38BEAA}.Debug|x86.Build.0 = Debug|Any CPU
		{689802F5-7A4D-4EBB-9EF5-DBBE6D38BEAA}.Release|Any CPU.ActiveCfg = Release|Any CPU
		{689802F5-7A4D-4EBB-9EF5-DBBE6D38BEAA}.Release|Any CPU.Build.0 = Release|Any CPU
		{689802F5-7A4D-4EBB-9EF5-DBBE6D38BEAA}.Release|x64.ActiveCfg = Release|Any CPU
		{689802F5-7A4D-4EBB-9EF5-DBBE6D38BEAA}.Release|x64.Build.0 = Release|Any CPU
		{689802F5-7A4D-4EBB-9EF5-DBBE6D38BEAA}.Release|x86.ActiveCfg = Release|Any CPU
		{689802F5-7A4D-4EBB-9EF5-DBBE6D38BEAA}.Release|x86.Build.0 = Release|Any CPU
		{C23871C5-D5FE-420E-95C6-B4F060AF6908}.Debug|Any CPU.ActiveCfg = Debug|Any CPU
		{C23871C5-D5FE-420E-95C6-B4F060AF6908}.Debug|Any CPU.Build.0 = Debug|Any CPU
		{C23871C5-D5FE-420E-95C6-B4F060AF6908}.Debug|x64.ActiveCfg = Debug|Any CPU
		{C23871C5-D5FE-420E-95C6-B4F060AF6908}.Debug|x64.Build.0 = Debug|Any CPU
		{C23871C5-D5FE-420E-95C6-B4F060AF6908}.Debug|x86.ActiveCfg = Debug|Any CPU
		{C23871C5-D5FE-420E-95C6-B4F060AF6908}.Debug|x86.Build.0 = Debug|Any CPU
		{C23871C5-D5FE-420E-95C6-B4F060AF6908}.Release|Any CPU.ActiveCfg = Release|Any CPU
		{C23871C5-D5FE-420E-95C6-B4F060AF6908}.Release|Any CPU.Build.0 = Release|Any CPU
		{C23871C5-D5FE-420E-95C6-B4F060AF6908}.Release|x64.ActiveCfg = Release|Any CPU
		{C23871C5-D5FE-420E-95C6-B4F060AF6908}.Release|x64.Build.0 = Release|Any CPU
		{C23871C5-D5FE-420E-95C6-B4F060AF6908}.Release|x86.ActiveCfg = Release|Any CPU
		{C23871C5-D5FE-420E-95C6-B4F060AF6908}.Release|x86.Build.0 = Release|Any CPU
		{F545E7E9-1918-441E-B292-35DF04F7443B}.Debug|Any CPU.ActiveCfg = Debug|Any CPU
		{F545E7E9-1918-441E-B292-35DF04F7443B}.Debug|Any CPU.Build.0 = Debug|Any CPU
		{F545E7E9-1918-441E-B292-35DF04F7443B}.Debug|x64.ActiveCfg = Debug|Any CPU
		{F545E7E9-1918-441E-B292-35DF04F7443B}.Debug|x64.Build.0 = Debug|Any CPU
		{F545E7E9-1918-441E-B292-35DF04F7443B}.Debug|x86.ActiveCfg = Debug|Any CPU
		{F545E7E9-1918-441E-B292-35DF04F7443B}.Debug|x86.Build.0 = Debug|Any CPU
		{F545E7E9-1918-441E-B292-35DF04F7443B}.Release|Any CPU.ActiveCfg = Release|Any CPU
		{F545E7E9-1918-441E-B292-35DF04F7443B}.Release|Any CPU.Build.0 = Release|Any CPU
		{F545E7E9-1918-441E-B292-35DF04F7443B}.Release|x64.ActiveCfg = Release|Any CPU
		{F545E7E9-1918-441E-B292-35DF04F7443B}.Release|x64.Build.0 = Release|Any CPU
		{F545E7E9-1918-441E-B292-35DF04F7443B}.Release|x86.ActiveCfg = Release|Any CPU
		{F545E7E9-1918-441E-B292-35DF04F7443B}.Release|x86.Build.0 = Release|Any CPU
		{C7AE49CB-4C7A-443B-8598-06B6E75A0B89}.Debug|Any CPU.ActiveCfg = Debug|Any CPU
		{C7AE49CB-4C7A-443B-8598-06B6E75A0B89}.Debug|Any CPU.Build.0 = Debug|Any CPU
		{C7AE49CB-4C7A-443B-8598-06B6E75A0B89}.Debug|x64.ActiveCfg = Debug|Any CPU
		{C7AE49CB-4C7A-443B-8598-06B6E75A0B89}.Debug|x64.Build.0 = Debug|Any CPU
		{C7AE49CB-4C7A-443B-8598-06B6E75A0B89}.Debug|x86.ActiveCfg = Debug|Any CPU
		{C7AE49CB-4C7A-443B-8598-06B6E75A0B89}.Debug|x86.Build.0 = Debug|Any CPU
		{C7AE49CB-4C7A-443B-8598-06B6E75A0B89}.Release|Any CPU.ActiveCfg = Release|Any CPU
		{C7AE49CB-4C7A-443B-8598-06B6E75A0B89}.Release|Any CPU.Build.0 = Release|Any CPU
		{C7AE49CB-4C7A-443B-8598-06B6E75A0B89}.Release|x64.ActiveCfg = Release|Any CPU
		{C7AE49CB-4C7A-443B-8598-06B6E75A0B89}.Release|x64.Build.0 = Release|Any CPU
		{C7AE49CB-4C7A-443B-8598-06B6E75A0B89}.Release|x86.ActiveCfg = Release|Any CPU
		{C7AE49CB-4C7A-443B-8598-06B6E75A0B89}.Release|x86.Build.0 = Release|Any CPU
		{BDB1BE97-D7E4-41EF-BBDF-25EB217CE852}.Debug|Any CPU.ActiveCfg = Debug|Any CPU
		{BDB1BE97-D7E4-41EF-BBDF-25EB217CE852}.Debug|Any CPU.Build.0 = Debug|Any CPU
		{BDB1BE97-D7E4-41EF-BBDF-25EB217CE852}.Debug|x64.ActiveCfg = Debug|Any CPU
		{BDB1BE97-D7E4-41EF-BBDF-25EB217CE852}.Debug|x64.Build.0 = Debug|Any CPU
		{BDB1BE97-D7E4-41EF-BBDF-25EB217CE852}.Debug|x86.ActiveCfg = Debug|Any CPU
		{BDB1BE97-D7E4-41EF-BBDF-25EB217CE852}.Debug|x86.Build.0 = Debug|Any CPU
		{BDB1BE97-D7E4-41EF-BBDF-25EB217CE852}.Release|Any CPU.ActiveCfg = Release|Any CPU
		{BDB1BE97-D7E4-41EF-BBDF-25EB217CE852}.Release|Any CPU.Build.0 = Release|Any CPU
		{BDB1BE97-D7E4-41EF-BBDF-25EB217CE852}.Release|x64.ActiveCfg = Release|Any CPU
		{BDB1BE97-D7E4-41EF-BBDF-25EB217CE852}.Release|x64.Build.0 = Release|Any CPU
		{BDB1BE97-D7E4-41EF-BBDF-25EB217CE852}.Release|x86.ActiveCfg = Release|Any CPU
		{BDB1BE97-D7E4-41EF-BBDF-25EB217CE852}.Release|x86.Build.0 = Release|Any CPU
		{EFAC76A6-2C41-41DB-A919-98FBFE1C20DE}.Debug|Any CPU.ActiveCfg = Debug|Any CPU
		{EFAC76A6-2C41-41DB-A919-98FBFE1C20DE}.Debug|Any CPU.Build.0 = Debug|Any CPU
		{EFAC76A6-2C41-41DB-A919-98FBFE1C20DE}.Debug|x64.ActiveCfg = Debug|Any CPU
		{EFAC76A6-2C41-41DB-A919-98FBFE1C20DE}.Debug|x64.Build.0 = Debug|Any CPU
		{EFAC76A6-2C41-41DB-A919-98FBFE1C20DE}.Debug|x86.ActiveCfg = Debug|Any CPU
		{EFAC76A6-2C41-41DB-A919-98FBFE1C20DE}.Debug|x86.Build.0 = Debug|Any CPU
		{EFAC76A6-2C41-41DB-A919-98FBFE1C20DE}.Release|Any CPU.ActiveCfg = Release|Any CPU
		{EFAC76A6-2C41-41DB-A919-98FBFE1C20DE}.Release|Any CPU.Build.0 = Release|Any CPU
		{EFAC76A6-2C41-41DB-A919-98FBFE1C20DE}.Release|x64.ActiveCfg = Release|Any CPU
		{EFAC76A6-2C41-41DB-A919-98FBFE1C20DE}.Release|x64.Build.0 = Release|Any CPU
		{EFAC76A6-2C41-41DB-A919-98FBFE1C20DE}.Release|x86.ActiveCfg = Release|Any CPU
		{EFAC76A6-2C41-41DB-A919-98FBFE1C20DE}.Release|x86.Build.0 = Release|Any CPU
	EndGlobalSection
	GlobalSection(SolutionProperties) = preSolution
		HideSolutionNode = FALSE
	EndGlobalSection
	GlobalSection(NestedProjects) = preSolution
		{90298CBA-BD6F-3A0A-69D5-97CAD7B05E7E} = {827E0CD3-B72D-47B6-A68D-7590B98EB39B}
		{A1EBF1AC-37BF-4052-83EB-4155091BC275} = {90298CBA-BD6F-3A0A-69D5-97CAD7B05E7E}
		{984BB9B3-3FA3-BE33-9484-CAC21695A33C} = {827E0CD3-B72D-47B6-A68D-7590B98EB39B}
		{689802F5-7A4D-4EBB-9EF5-DBBE6D38BEAA} = {984BB9B3-3FA3-BE33-9484-CAC21695A33C}
		{C23871C5-D5FE-420E-95C6-B4F060AF6908} = {984BB9B3-3FA3-BE33-9484-CAC21695A33C}
		{F545E7E9-1918-441E-B292-35DF04F7443B} = {984BB9B3-3FA3-BE33-9484-CAC21695A33C}
		{C7AE49CB-4C7A-443B-8598-06B6E75A0B89} = {984BB9B3-3FA3-BE33-9484-CAC21695A33C}
		{A1D69D03-291D-DB9F-E07E-060D002C8783} = {827E0CD3-B72D-47B6-A68D-7590B98EB39B}
		{BDB1BE97-D7E4-41EF-BBDF-25EB217CE852} = {A1D69D03-291D-DB9F-E07E-060D002C8783}
		{ED3A6F05-8B42-2A19-DFFE-FDDDF787C538} = {827E0CD3-B72D-47B6-A68D-7590B98EB39B}
		{EFAC76A6-2C41-41DB-A919-98FBFE1C20DE} = {ED3A6F05-8B42-2A19-DFFE-FDDDF787C538}
	EndGlobalSection
EndGlobal
